{
	"name": "dns-server",
	"lockfileVersion": 3,
	"requires": true,
	"packages": {
		"": {
			"name": "dns-server",
			"dependencies": {
				"ioredis": "^5.6.1",
				"redis": "^5.5.6"
			},
			"devDependencies": {
				"@types/bun": "latest"
			}
		},
		"node_modules/@ioredis/commands": {
			"version": "1.2.0",
			"license": "MIT"
		},
		"node_modules/@redis/bloom": {
			"version": "5.5.6",
			"resolved": "https://registry.npmjs.org/@redis/bloom/-/bloom-5.5.6.tgz",
			"integrity": "sha512-bNR3mxkwtfuCxNOzfV8B3R5zA1LiN57EH6zK4jVBIgzMzliNuReZXBFGnXvsi80/SYohajn78YdpYI+XNpqL+A==",
			"license": "MIT",
			"engines": {
				"node": ">= 18"
			},
			"peerDependencies": {
				"@redis/client": "^5.5.6"
			}
		},
		"node_modules/@redis/client": {
			"version": "5.5.6",
			"resolved": "https://registry.npmjs.org/@redis/client/-/client-5.5.6.tgz",
			"integrity": "sha512-M3Svdwt6oSfyfQdqEr0L2HOJH2vK7GgCFx1NfAQvpWAT4+ljoT1L5S5cKT3dA9NJrxrOPDkdoTPWJnIrGCOcmw==",
			"license": "MIT",
			"dependencies": {
				"cluster-key-slot": "1.1.2"
			},
			"engines": {
				"node": ">= 18"
			}
		},
		"node_modules/@redis/json": {
			"version": "5.5.6",
			"resolved": "https://registry.npmjs.org/@redis/json/-/json-5.5.6.tgz",
			"integrity": "sha512-AIsoe3SsGQagqAmSQHaqxEinm5oCWr7zxPWL90kKaEdLJ+zw8KBznf2i9oK0WUFP5pFssSQUXqnscQKe2amfDQ==",
			"license": "MIT",
			"engines": {
				"node": ">= 18"
			},
			"peerDependencies": {
				"@redis/client": "^5.5.6"
			}
		},
		"node_modules/@redis/search": {
			"version": "5.5.6",
			"resolved": "https://registry.npmjs.org/@redis/search/-/search-5.5.6.tgz",
			"integrity": "sha512-JSqasYqO0mVcHL7oxvbySRBBZYRYhFl3W7f0Da7BW8M/r0Z9wCiVrdjnN4/mKBpWZkoJT/iuisLUdPGhpKxBew==",
			"license": "MIT",
			"engines": {
				"node": ">= 18"
			},
			"peerDependencies": {
				"@redis/client": "^5.5.6"
			}
		},
		"node_modules/@redis/time-series": {
			"version": "5.5.6",
			"resolved": "https://registry.npmjs.org/@redis/time-series/-/time-series-5.5.6.tgz",
			"integrity": "sha512-jkpcgq3NOI3TX7xEAJ3JgesJTxAx7k0m6lNxNsYdEM8KOl+xj7GaB/0CbLkoricZDmFSEAz7ClA1iK9XkGHf+Q==",
			"license": "MIT",
			"engines": {
				"node": ">= 18"
			},
			"peerDependencies": {
				"@redis/client": "^5.5.6"
			}
		},
		"node_modules/@types/bun": {
			"version": "1.2.16",
			"resolved": "https://registry.npmjs.org/@types/bun/-/bun-1.2.16.tgz",
			"integrity": "sha512-1aCZJ/6nSiViw339RsaNhkNoEloLaPzZhxMOYEa7OzRzO41IGg5n/7I43/ZIAW/c+Q6cT12Vf7fOZOoVIzb5BQ==",
			"dev": true,
			"license": "MIT",
			"dependencies": {
				"bun-types": "1.2.16"
			}
		},
		"node_modules/@types/node": {
			"version": "24.0.3",
			"resolved": "https://registry.npmjs.org/@types/node/-/node-24.0.3.tgz",
			"integrity": "sha512-R4I/kzCYAdRLzfiCabn9hxWfbuHS573x+r0dJMkkzThEa7pbrcDWK+9zu3e7aBOouf+rQAciqPFMnxwr0aWgKg==",
			"dev": true,
			"license": "MIT",
			"dependencies": {
				"undici-types": "~7.8.0"
			}
		},
		"node_modules/bun-types": {
			"version": "1.2.16",
			"resolved": "https://registry.npmjs.org/bun-types/-/bun-types-1.2.16.tgz",
			"integrity": "sha512-ciXLrHV4PXax9vHvUrkvun9VPVGOVwbbbBF/Ev1cXz12lyEZMoJpIJABOfPcN9gDJRaiKF9MVbSygLg4NXu3/A==",
			"dev": true,
			"license": "MIT",
			"dependencies": {
				"@types/node": "*"
			}
		},
		"node_modules/cluster-key-slot": {
			"version": "1.1.2",
			"license": "Apache-2.0",
			"engines": {
				"node": ">=0.10.0"
			}
		},
		"node_modules/debug": {
			"version": "4.4.1",
			"license": "MIT",
			"dependencies": {
				"ms": "^2.1.3"
			},
			"engines": {
				"node": ">=6.0"
			},
			"peerDependenciesMeta": {
				"supports-color": {
					"optional": true
				}
			}
		},
		"node_modules/denque": {
			"version": "2.1.0",
			"license": "Apache-2.0",
			"engines": {
				"node": ">=0.10"
			}
		},
		"node_modules/ioredis": {
			"version": "5.6.1",
			"license": "MIT",
			"dependencies": {
				"@ioredis/commands": "^1.1.1",
				"cluster-key-slot": "^1.1.0",
				"debug": "^4.3.4",
				"denque": "^2.1.0",
				"lodash.defaults": "^4.2.0",
				"lodash.isarguments": "^3.1.0",
				"redis-errors": "^1.2.0",
				"redis-parser": "^3.0.0",
				"standard-as-callback": "^2.1.0"
			},
			"engines": {
				"node": ">=12.22.0"
			},
			"funding": {
				"type": "opencollective",
				"url": "https://opencollective.com/ioredis"
			}
		},
		"node_modules/lodash.defaults": {
			"version": "4.2.0",
			"license": "MIT"
		},
		"node_modules/lodash.isarguments": {
			"version": "3.1.0",
			"license": "MIT"
		},
		"node_modules/ms": {
			"version": "2.1.3",
			"license": "MIT"
		},
		"node_modules/redis": {
			"version": "5.5.6",
			"resolved": "https://registry.npmjs.org/redis/-/redis-5.5.6.tgz",
			"integrity": "sha512-hbpqBfcuhWHOS9YLNcXcJ4akNr7HFX61Dq3JuFZ9S7uU7C7kvnzuH2PDIXOP62A3eevvACoG8UacuXP3N07xdg==",
			"license": "MIT",
			"dependencies": {
				"@redis/bloom": "5.5.6",
				"@redis/client": "5.5.6",
				"@redis/json": "5.5.6",
				"@redis/search": "5.5.6",
				"@redis/time-series": "5.5.6"
			},
			"engines": {
				"node": ">= 18"
			}
		},
		"node_modules/redis-errors": {
			"version": "1.2.0",
			"license": "MIT",
			"engines": {
				"node": ">=4"
			}
		},
		"node_modules/redis-parser": {
			"version": "3.0.0",
			"license": "MIT",
			"dependencies": {
				"redis-errors": "^1.0.0"
			},
			"engines": {
				"node": ">=4"
			}
		},
		"node_modules/standard-as-callback": {
			"version": "2.1.0",
			"license": "MIT"
		},
		"node_modules/undici-types": {
			"version": "7.8.0",
			"resolved": "https://registry.npmjs.org/undici-types/-/undici-types-7.8.0.tgz",
			"integrity": "sha512-9UJ2xGDvQ43tYyVMpuHlsgApydB8ZKfVYTsLDhXkFL/6gfkp+U8xTGdh8pMJv1SpZna0zxG1DwsKZsreLbXBxw==",
			"dev": true,
			"license": "MIT"
		}
	}
}
